
Microsoft Visual Studio Solution File, Format Version 11.00
# Visual Studio 2010
Project("{FAE04EC0-301F-11D3-BF4B-00C04F79EFBC}") = "AudioCommand", "Assembly-CSharp.csproj", "{9E1F7FBE-CD9C-7CAF-3B27-5AA734BC379E}"
EndProject
Project("{FAE04EC0-301F-11D3-BF4B-00C04F79EFBC}") = "AudioCommand", "Assembly-CSharp-firstpass.csproj", "{EC2A560B-5799-986B-02E8-68A74772422C}"
EndProject
Global
	GlobalSection(SolutionConfigurationPlatforms) = preSolution
		Debug|Any CPU = Debug|Any CPU
		Release|Any CPU = Release|Any CPU
	EndGlobalSection
	GlobalSection(ProjectConfigurationPlatforms) = postSolution
		{9E1F7FBE-CD9C-7CAF-3B27-5AA734BC379E}.Debug|Any CPU.ActiveCfg = Debug|Any CPU
		{9E1F7FBE-CD9C-7CAF-3B27-5AA734BC379E}.Debug|Any CPU.Build.0 = Debug|Any CPU
		{9E1F7FBE-CD9C-7CAF-3B27-5AA734BC379E}.Release|Any CPU.ActiveCfg = Release|Any CPU
		{9E1F7FBE-CD9C-7CAF-3B27-5AA734BC379E}.Release|Any CPU.Build.0 = Release|Any CPU
		{EC2A560B-5799-986B-02E8-68A74772422C}.Debug|Any CPU.ActiveCfg = Debug|Any CPU
		{EC2A560B-5799-986B-02E8-68A74772422C}.Debug|Any CPU.Build.0 = Debug|Any CPU
		{EC2A560B-5799-986B-02E8-68A74772422C}.Release|Any CPU.ActiveCfg = Release|Any CPU
		{EC2A560B-5799-986B-02E8-68A74772422C}.Release|Any CPU.Build.0 = Release|Any CPU
	EndGlobalSection
	GlobalSection(SolutionProperties) = preSolution
		HideSolutionNode = FALSE
	EndGlobalSection
	GlobalSection(MonoDevelopProperties) = preSolution
		StartupItem = Assembly-CSharp.csproj
	EndGlobalSection
EndGlobal
